
Microsoft Visual Studio Solution File, Format Version 12.00
# Visual Studio 15
VisualStudioVersion = 15.0.28307.960
MinimumVisualStudioVersion = 10.0.40219.1
Project("{FAE04EC0-301F-11D3-BF4B-00C04F79EFBC}") = "лаба 6", "лаба 6\лаба 6.csproj", "{AEAE52BA-7BA3-4885-8E8A-3BFB12A2B804}"
EndProject
Global
	GlobalSection(SolutionConfigurationPlatforms) = preSolution
		Debug|Any CPU = Debug|Any CPU
		Release|Any CPU = Release|Any CPU
	EndGlobalSection
	GlobalSection(ProjectConfigurationPlatforms) = postSolution
		{AEAE52BA-7BA3-4885-8E8A-3BFB12A2B804}.Debug|Any CPU.ActiveCfg = Debug|Any CPU
		{AEAE52BA-7BA3-4885-8E8A-3BFB12A2B804}.Debug|Any CPU.Build.0 = Debug|Any CPU
		{AEAE52BA-7BA3-4885-8E8A-3BFB12A2B804}.Release|Any CPU.ActiveCfg = Release|Any CPU
		{AEAE52BA-7BA3-4885-8E8A-3BFB12A2B804}.Release|Any CPU.Build.0 = Release|Any CPU
	EndGlobalSection
	GlobalSection(SolutionProperties) = preSolution
		HideSolutionNode = FALSE
	EndGlobalSection
	GlobalSection(ExtensibilityGlobals) = postSolution
		SolutionGuid = {B31AD835-B623-4586-9DBE-283B97F185FC}
	EndGlobalSection
EndGlobal
