
Microsoft Visual Studio Solution File, Format Version 12.00
# Visual Studio 15
VisualStudioVersion = 15.0.28307.960
MinimumVisualStudioVersion = 10.0.40219.1
Project("{FAE04EC0-301F-11D3-BF4B-00C04F79EFBC}") = "lab14", "lab14\lab14.csproj", "{61BFBC03-A369-4B96-A1CF-74388A4DBD71}"
EndProject
Global
	GlobalSection(SolutionConfigurationPlatforms) = preSolution
		Debug|Any CPU = Debug|Any CPU
		Release|Any CPU = Release|Any CPU
	EndGlobalSection
	GlobalSection(ProjectConfigurationPlatforms) = postSolution
		{61BFBC03-A369-4B96-A1CF-74388A4DBD71}.Debug|Any CPU.ActiveCfg = Debug|Any CPU
		{61BFBC03-A369-4B96-A1CF-74388A4DBD71}.Debug|Any CPU.Build.0 = Debug|Any CPU
		{61BFBC03-A369-4B96-A1CF-74388A4DBD71}.Release|Any CPU.ActiveCfg = Release|Any CPU
		{61BFBC03-A369-4B96-A1CF-74388A4DBD71}.Release|Any CPU.Build.0 = Release|Any CPU
	EndGlobalSection
	GlobalSection(SolutionProperties) = preSolution
		HideSolutionNode = FALSE
	EndGlobalSection
	GlobalSection(ExtensibilityGlobals) = postSolution
		SolutionGuid = {8CE27E02-4663-479B-9177-0204C2793C14}
	EndGlobalSection
EndGlobal
