
Microsoft Visual Studio Solution File, Format Version 12.00
# Visual Studio 15
VisualStudioVersion = 15.0.28307.960
MinimumVisualStudioVersion = 10.0.40219.1
Project("{FAE04EC0-301F-11D3-BF4B-00C04F79EFBC}") = "lab9", "lab9\lab9.csproj", "{C1E1EA30-E1E7-4F58-8EFC-F757043EDCEC}"
EndProject
Global
	GlobalSection(SolutionConfigurationPlatforms) = preSolution
		Debug|Any CPU = Debug|Any CPU
		Release|Any CPU = Release|Any CPU
	EndGlobalSection
	GlobalSection(ProjectConfigurationPlatforms) = postSolution
		{C1E1EA30-E1E7-4F58-8EFC-F757043EDCEC}.Debug|Any CPU.ActiveCfg = Debug|Any CPU
		{C1E1EA30-E1E7-4F58-8EFC-F757043EDCEC}.Debug|Any CPU.Build.0 = Debug|Any CPU
		{C1E1EA30-E1E7-4F58-8EFC-F757043EDCEC}.Release|Any CPU.ActiveCfg = Release|Any CPU
		{C1E1EA30-E1E7-4F58-8EFC-F757043EDCEC}.Release|Any CPU.Build.0 = Release|Any CPU
	EndGlobalSection
	GlobalSection(SolutionProperties) = preSolution
		HideSolutionNode = FALSE
	EndGlobalSection
	GlobalSection(ExtensibilityGlobals) = postSolution
		SolutionGuid = {A3B66338-D6DD-47B2-A0DF-9C0439CA8D81}
	EndGlobalSection
EndGlobal
