
Microsoft Visual Studio Solution File, Format Version 12.00
# Visual Studio 15
VisualStudioVersion = 15.0.28307.960
MinimumVisualStudioVersion = 10.0.40219.1
Project("{FAE04EC0-301F-11D3-BF4B-00C04F79EFBC}") = "lab6", "lab6\lab6.csproj", "{C12AF247-90B9-4017-B636-F8204AABAE01}"
EndProject
Global
	GlobalSection(SolutionConfigurationPlatforms) = preSolution
		Debug|Any CPU = Debug|Any CPU
		Release|Any CPU = Release|Any CPU
	EndGlobalSection
	GlobalSection(ProjectConfigurationPlatforms) = postSolution
		{C12AF247-90B9-4017-B636-F8204AABAE01}.Debug|Any CPU.ActiveCfg = Debug|Any CPU
		{C12AF247-90B9-4017-B636-F8204AABAE01}.Debug|Any CPU.Build.0 = Debug|Any CPU
		{C12AF247-90B9-4017-B636-F8204AABAE01}.Release|Any CPU.ActiveCfg = Release|Any CPU
		{C12AF247-90B9-4017-B636-F8204AABAE01}.Release|Any CPU.Build.0 = Release|Any CPU
	EndGlobalSection
	GlobalSection(SolutionProperties) = preSolution
		HideSolutionNode = FALSE
	EndGlobalSection
	GlobalSection(ExtensibilityGlobals) = postSolution
		SolutionGuid = {EF6E112D-10D6-4BD6-A878-727ECB15F636}
	EndGlobalSection
EndGlobal
